Microsoft Visual Studio Solution File, Format Version 12.00
# Visual Studio Version 17
VisualStudioVersion = 17.5.2.0
MinimumVisualStudioVersion = 10.0.40219.1
Project("{FAE04EC0-301F-11D3-BF4B-00C04F79EFBC}") = "Inmobilaria_lab2_TPI_MGS", "Inmobilaria_lab2_TPI_MGS.csproj", "{8BB697D5-CBEB-D68F-D88C-01533F119916}"
EndProject
Global
	GlobalSection(SolutionConfigurationPlatforms) = preSolution
		Debug|Any CPU = Debug|Any CPU
		Release|Any CPU = Release|Any CPU
	EndGlobalSection
	GlobalSection(ProjectConfigurationPlatforms) = postSolution
		{8BB697D5-CBEB-D68F-D88C-01533F119916}.Debug|Any CPU.ActiveCfg = Debug|Any CPU
		{8BB697D5-CBEB-D68F-D88C-01533F119916}.Debug|Any CPU.Build.0 = Debug|Any CPU
		{8BB697D5-CBEB-D68F-D88C-01533F119916}.Release|Any CPU.ActiveCfg = Release|Any CPU
		{8BB697D5-CBEB-D68F-D88C-01533F119916}.Release|Any CPU.Build.0 = Release|Any CPU
	EndGlobalSection
	GlobalSection(SolutionProperties) = preSolution
		HideSolutionNode = FALSE
	EndGlobalSection
	GlobalSection(ExtensibilityGlobals) = postSolution
		SolutionGuid = {8BE6E9E8-7DA1-4BC0-A62D-6C9349FB8B08}
	EndGlobalSection
EndGlobal
